
Microsoft Visual Studio Solution File, Format Version 12.00
# Visual Studio Version 17
VisualStudioVersion = 17.4.33122.133
MinimumVisualStudioVersion = 10.0.40219.1
Project("{FAE04EC0-301F-11D3-BF4B-00C04F79EFBC}") = "WinForm1", "WinForm1\WinForm1.csproj", "{306EFDD0-EA26-46DB-ACD3-7379ADA23AA9}"
EndProject
Global
	GlobalSection(SolutionConfigurationPlatforms) = preSolution
		Debug|Any CPU = Debug|Any CPU
		Release|Any CPU = Release|Any CPU
	EndGlobalSection
	GlobalSection(ProjectConfigurationPlatforms) = postSolution
		{306EFDD0-EA26-46DB-ACD3-7379ADA23AA9}.Debug|Any CPU.ActiveCfg = Debug|Any CPU
		{306EFDD0-EA26-46DB-ACD3-7379ADA23AA9}.Debug|Any CPU.Build.0 = Debug|Any CPU
		{306EFDD0-EA26-46DB-ACD3-7379ADA23AA9}.Release|Any CPU.ActiveCfg = Release|Any CPU
		{306EFDD0-EA26-46DB-ACD3-7379ADA23AA9}.Release|Any CPU.Build.0 = Release|Any CPU
	EndGlobalSection
	GlobalSection(SolutionProperties) = preSolution
		HideSolutionNode = FALSE
	EndGlobalSection
	GlobalSection(ExtensibilityGlobals) = postSolution
		SolutionGuid = {338890AB-BE2D-4353-A51B-BBE2B67ED430}
	EndGlobalSection
EndGlobal
