
Microsoft Visual Studio Solution File, Format Version 12.00
# Visual Studio Version 17
VisualStudioVersion = 17.4.33122.133
MinimumVisualStudioVersion = 10.0.40219.1
Project("{FAE04EC0-301F-11D3-BF4B-00C04F79EFBC}") = "GoStop1", "GoStop1\GoStop1.csproj", "{9600F1A6-86EF-46E7-8255-3D22631CC503}"
EndProject
Global
	GlobalSection(SolutionConfigurationPlatforms) = preSolution
		Debug|Any CPU = Debug|Any CPU
		Release|Any CPU = Release|Any CPU
	EndGlobalSection
	GlobalSection(ProjectConfigurationPlatforms) = postSolution
		{9600F1A6-86EF-46E7-8255-3D22631CC503}.Debug|Any CPU.ActiveCfg = Debug|Any CPU
		{9600F1A6-86EF-46E7-8255-3D22631CC503}.Debug|Any CPU.Build.0 = Debug|Any CPU
		{9600F1A6-86EF-46E7-8255-3D22631CC503}.Release|Any CPU.ActiveCfg = Release|Any CPU
		{9600F1A6-86EF-46E7-8255-3D22631CC503}.Release|Any CPU.Build.0 = Release|Any CPU
	EndGlobalSection
	GlobalSection(SolutionProperties) = preSolution
		HideSolutionNode = FALSE
	EndGlobalSection
	GlobalSection(ExtensibilityGlobals) = postSolution
		SolutionGuid = {8BBA30A0-B106-4237-B192-F19F970F67B4}
	EndGlobalSection
EndGlobal
