
Microsoft Visual Studio Solution File, Format Version 12.00
# Visual Studio Version 17
VisualStudioVersion = 17.4.33122.133
MinimumVisualStudioVersion = 10.0.40219.1
Project("{FAE04EC0-301F-11D3-BF4B-00C04F79EFBC}") = "Intro1", "Intro1\Intro1.csproj", "{748CF3CD-6A93-4D46-9240-748B13D7DE13}"
EndProject
Global
	GlobalSection(SolutionConfigurationPlatforms) = preSolution
		Debug|Any CPU = Debug|Any CPU
		Release|Any CPU = Release|Any CPU
	EndGlobalSection
	GlobalSection(ProjectConfigurationPlatforms) = postSolution
		{748CF3CD-6A93-4D46-9240-748B13D7DE13}.Debug|Any CPU.ActiveCfg = Debug|Any CPU
		{748CF3CD-6A93-4D46-9240-748B13D7DE13}.Debug|Any CPU.Build.0 = Debug|Any CPU
		{748CF3CD-6A93-4D46-9240-748B13D7DE13}.Release|Any CPU.ActiveCfg = Release|Any CPU
		{748CF3CD-6A93-4D46-9240-748B13D7DE13}.Release|Any CPU.Build.0 = Release|Any CPU
	EndGlobalSection
	GlobalSection(SolutionProperties) = preSolution
		HideSolutionNode = FALSE
	EndGlobalSection
	GlobalSection(ExtensibilityGlobals) = postSolution
		SolutionGuid = {E824E9F7-46E6-40F2-88C1-6F2A8D40097D}
	EndGlobalSection
EndGlobal
