
Microsoft Visual Studio Solution File, Format Version 12.00
# Visual Studio Version 17
VisualStudioVersion = 17.4.33122.133
MinimumVisualStudioVersion = 10.0.40219.1
Project("{FAE04EC0-301F-11D3-BF4B-00C04F79EFBC}") = "Yeilding1", "Yeilding1\Yeilding1.csproj", "{63B9DD19-4C11-495D-B5AA-7EF8FA4B3FF6}"
EndProject
Global
	GlobalSection(SolutionConfigurationPlatforms) = preSolution
		Debug|Any CPU = Debug|Any CPU
		Release|Any CPU = Release|Any CPU
	EndGlobalSection
	GlobalSection(ProjectConfigurationPlatforms) = postSolution
		{63B9DD19-4C11-495D-B5AA-7EF8FA4B3FF6}.Debug|Any CPU.ActiveCfg = Debug|Any CPU
		{63B9DD19-4C11-495D-B5AA-7EF8FA4B3FF6}.Debug|Any CPU.Build.0 = Debug|Any CPU
		{63B9DD19-4C11-495D-B5AA-7EF8FA4B3FF6}.Release|Any CPU.ActiveCfg = Release|Any CPU
		{63B9DD19-4C11-495D-B5AA-7EF8FA4B3FF6}.Release|Any CPU.Build.0 = Release|Any CPU
	EndGlobalSection
	GlobalSection(SolutionProperties) = preSolution
		HideSolutionNode = FALSE
	EndGlobalSection
	GlobalSection(ExtensibilityGlobals) = postSolution
		SolutionGuid = {68AA9411-58B9-4E75-933B-36DE6ACC9C57}
	EndGlobalSection
EndGlobal
